
Microsoft Visual Studio Solution File, Format Version 12.00
# Visual Studio Version 16
VisualStudioVersion = 16.0.32413.119
MinimumVisualStudioVersion = 10.0.40219.1
Project("{FAE04EC0-301F-11D3-BF4B-00C04F79EFBC}") = "TreeHouseASPPractice", "TreeHouseASPPractice\TreeHouseASPPractice.csproj", "{09D7DE5B-C1F0-4711-99AB-75D04FC5C617}"
EndProject
Global
	GlobalSection(SolutionConfigurationPlatforms) = preSolution
		Debug|Any CPU = Debug|Any CPU
		Release|Any CPU = Release|Any CPU
	EndGlobalSection
	GlobalSection(ProjectConfigurationPlatforms) = postSolution
		{09D7DE5B-C1F0-4711-99AB-75D04FC5C617}.Debug|Any CPU.ActiveCfg = Debug|Any CPU
		{09D7DE5B-C1F0-4711-99AB-75D04FC5C617}.Debug|Any CPU.Build.0 = Debug|Any CPU
		{09D7DE5B-C1F0-4711-99AB-75D04FC5C617}.Release|Any CPU.ActiveCfg = Release|Any CPU
		{09D7DE5B-C1F0-4711-99AB-75D04FC5C617}.Release|Any CPU.Build.0 = Release|Any CPU
	EndGlobalSection
	GlobalSection(SolutionProperties) = preSolution
		HideSolutionNode = FALSE
	EndGlobalSection
	GlobalSection(ExtensibilityGlobals) = postSolution
		SolutionGuid = {28C42F0E-FEB5-40C3-8B7F-3E1F4983C0C3}
	EndGlobalSection
EndGlobal
